
Microsoft Visual Studio Solution File, Format Version 12.00
# Visual Studio Version 17
VisualStudioVersion = 17.9.34902.65
MinimumVisualStudioVersion = 10.0.40219.1
Project("{FAE04EC0-301F-11D3-BF4B-00C04F79EFBC}") = "MessageProcessingandAnomalyDetectionService", "MessageProcessingandAnomalyDetectionService.csproj", "{243C101D-8181-4D30-A6F8-977515A5EE48}"
EndProject
Global
	GlobalSection(SolutionConfigurationPlatforms) = preSolution
		Debug|Any CPU = Debug|Any CPU
		Release|Any CPU = Release|Any CPU
	EndGlobalSection
	GlobalSection(ProjectConfigurationPlatforms) = postSolution
		{243C101D-8181-4D30-A6F8-977515A5EE48}.Debug|Any CPU.ActiveCfg = Debug|Any CPU
		{243C101D-8181-4D30-A6F8-977515A5EE48}.Debug|Any CPU.Build.0 = Debug|Any CPU
		{243C101D-8181-4D30-A6F8-977515A5EE48}.Release|Any CPU.ActiveCfg = Release|Any CPU
		{243C101D-8181-4D30-A6F8-977515A5EE48}.Release|Any CPU.Build.0 = Release|Any CPU
	EndGlobalSection
	GlobalSection(SolutionProperties) = preSolution
		HideSolutionNode = FALSE
	EndGlobalSection
	GlobalSection(ExtensibilityGlobals) = postSolution
		SolutionGuid = {3EB6A6D3-7780-4BE7-AA19-90DA7AD646B1}
	EndGlobalSection
EndGlobal
